
Microsoft Visual Studio Solution File, Format Version 12.00
# Visual Studio Version 16
VisualStudioVersion = 16.0.32228.343
MinimumVisualStudioVersion = 10.0.40219.1
Project("{8BC9CEB8-8B4A-11D0-8D11-00A0C91BC942}") = "Lab03", "Lab03\Lab03.vcxproj", "{D47A35DE-5E8B-427C-87A1-33EF2C62B657}"
EndProject
Global
	GlobalSection(SolutionConfigurationPlatforms) = preSolution
		Debug|x64 = Debug|x64
		Debug|x86 = Debug|x86
		Release|x64 = Release|x64
		Release|x86 = Release|x86
	EndGlobalSection
	GlobalSection(ProjectConfigurationPlatforms) = postSolution
		{D47A35DE-5E8B-427C-87A1-33EF2C62B657}.Debug|x64.ActiveCfg = Debug|x64
		{D47A35DE-5E8B-427C-87A1-33EF2C62B657}.Debug|x64.Build.0 = Debug|x64
		{D47A35DE-5E8B-427C-87A1-33EF2C62B657}.Debug|x86.ActiveCfg = Debug|Win32
		{D47A35DE-5E8B-427C-87A1-33EF2C62B657}.Debug|x86.Build.0 = Debug|Win32
		{D47A35DE-5E8B-427C-87A1-33EF2C62B657}.Release|x64.ActiveCfg = Release|x64
		{D47A35DE-5E8B-427C-87A1-33EF2C62B657}.Release|x64.Build.0 = Release|x64
		{D47A35DE-5E8B-427C-87A1-33EF2C62B657}.Release|x86.ActiveCfg = Release|Win32
		{D47A35DE-5E8B-427C-87A1-33EF2C62B657}.Release|x86.Build.0 = Release|Win32
	EndGlobalSection
	GlobalSection(SolutionProperties) = preSolution
		HideSolutionNode = FALSE
	EndGlobalSection
	GlobalSection(ExtensibilityGlobals) = postSolution
		SolutionGuid = {2F27FA7A-F47C-41E4-A63A-ABB3969CED7C}
	EndGlobalSection
EndGlobal
